# THIS IS AN AUTOGENERATED FILE. DO NOT EDIT THIS FILE DIRECTLY.
# yarn lockfile v1


highlight.js@^9.13.1:
  version "9.13.1"
  resolved "https://registry.yarnpkg.com/highlight.js/-/highlight.js-9.13.1.tgz#054586d53a6863311168488a0f58d6c505ce641e"
  integrity sha512-Sc28JNQNDzaH6PORtRLMvif9RSn1mYuOoX3omVjnb0+HbpPygU2ALBI0R/wsiqCb4/fcp07Gdo8g+fhtFrQl6A==

reveal-code-focus@^1.0.0:
  version "1.0.0"
  resolved "https://registry.yarnpkg.com/reveal-code-focus/-/reveal-code-focus-1.0.0.tgz#817b924c7c2241cfd5a2d70730f0ccaaf9bde056"
  integrity sha1-gXuSTHwiQc/VotcHMPDMqvm94FY=

reveal.js@^3.6.0:
  version "3.6.0"
  resolved "https://registry.yarnpkg.com/reveal.js/-/reveal.js-3.6.0.tgz#ce0e64f30cbebd6e5ce885c2f384085c5e5821e8"
  integrity sha512-ZhXBWoDiaNySAJgs3XqmkHTmjR3Dkkhyy89VY8PLzXBDwNhP7ZEGtBT1H3xJRCEGOD4ScLJBbU75PRiPLQgWgw==
